
Microsoft Visual Studio Solution File, Format Version 12.00
# Visual Studio Version 17
VisualStudioVersion = 17.5.33530.505
MinimumVisualStudioVersion = 10.0.40219.1
Project("{FAE04EC0-301F-11D3-BF4B-00C04F79EFBC}") = "FizzBuzz", "FizzBuzz\FizzBuzz.csproj", "{9DFB90C2-B9FB-4F78-A29B-3462234AEFB4}"
EndProject
Global
	GlobalSection(SolutionConfigurationPlatforms) = preSolution
		Debug|Any CPU = Debug|Any CPU
		Release|Any CPU = Release|Any CPU
	EndGlobalSection
	GlobalSection(ProjectConfigurationPlatforms) = postSolution
		{9DFB90C2-B9FB-4F78-A29B-3462234AEFB4}.Debug|Any CPU.ActiveCfg = Debug|Any CPU
		{9DFB90C2-B9FB-4F78-A29B-3462234AEFB4}.Debug|Any CPU.Build.0 = Debug|Any CPU
		{9DFB90C2-B9FB-4F78-A29B-3462234AEFB4}.Release|Any CPU.ActiveCfg = Release|Any CPU
		{9DFB90C2-B9FB-4F78-A29B-3462234AEFB4}.Release|Any CPU.Build.0 = Release|Any CPU
	EndGlobalSection
	GlobalSection(SolutionProperties) = preSolution
		HideSolutionNode = FALSE
	EndGlobalSection
	GlobalSection(ExtensibilityGlobals) = postSolution
		SolutionGuid = {E467AD2E-4242-44AF-AA01-8C0981AF2CA3}
	EndGlobalSection
EndGlobal
